
Microsoft Visual Studio Solution File, Format Version 12.00
# Visual Studio 14
VisualStudioVersion = 14.0.23107.0
MinimumVisualStudioVersion = 10.0.40219.1
Project("{F2A71F9B-5D33-465A-A702-920D77279786}") = "MDKnapsack", "MDKnapsack\MDKnapsack.fsproj", "{1548FBA4-C1AA-444D-88D5-22D18ADE9965}"
EndProject
Project("{2150E333-8FDC-42A3-9474-1A3956D46DE8}") = "Solution Items", "Solution Items", "{34E92B86-4699-4F28-A92A-1850F6478619}"
	ProjectSection(SolutionItems) = preProject
		Performance1.psess = Performance1.psess
	EndProjectSection
EndProject
Global
	GlobalSection(Performance) = preSolution
		HasPerformanceSessions = true
	EndGlobalSection
	GlobalSection(SolutionConfigurationPlatforms) = preSolution
		Debug|Any CPU = Debug|Any CPU
		Release|Any CPU = Release|Any CPU
	EndGlobalSection
	GlobalSection(ProjectConfigurationPlatforms) = postSolution
		{1548FBA4-C1AA-444D-88D5-22D18ADE9965}.Debug|Any CPU.ActiveCfg = Debug|Any CPU
		{1548FBA4-C1AA-444D-88D5-22D18ADE9965}.Debug|Any CPU.Build.0 = Debug|Any CPU
		{1548FBA4-C1AA-444D-88D5-22D18ADE9965}.Release|Any CPU.ActiveCfg = Release|Any CPU
		{1548FBA4-C1AA-444D-88D5-22D18ADE9965}.Release|Any CPU.Build.0 = Release|Any CPU
	EndGlobalSection
	GlobalSection(SolutionProperties) = preSolution
		HideSolutionNode = FALSE
	EndGlobalSection
EndGlobal
